{
    "_readme": [
        "This file locks the dependencies of your project to a known state",
        "Read more about it at https://getcomposer.org/doc/01-basic-usage.md#composer-lock-the-lock-file",
        "This file is @generated automatically"
    ],
    "hash": "c530995adaad0ebc61e279a11ef58ca5",
    "content-hash": "8dd93a32faabd9956ca5ce418f37f705",
    "packages": [
        {
            "name": "league/fractal",
            "version": "0.15.0",
            "source": {
                "type": "git",
                "url": "https://github.com/thephpleague/fractal.git",
                "reference": "0546bd5c2aba414ba50c6ac676f507d42c6150a5"
            },
            "dist": {
                "type": "zip",
                "url": "https://api.github.com/repos/thephpleague/fractal/zipball/0546bd5c2aba414ba50c6ac676f507d42c6150a5",
                "reference": "0546bd5c2aba414ba50c6ac676f507d42c6150a5",
                "shasum": ""
            },
            "require": {
                "php": ">=5.4"
            },
            "require-dev": {
                "illuminate/contracts": "~5.0",
                "mockery/mockery": "~0.9",
                "pagerfanta/pagerfanta": "~1.0.0",
                "phpunit/phpunit": "~4.0",
                "squizlabs/php_codesniffer": "~1.5",
                "zendframework/zend-paginator": "~2.3"
            },
            "suggest": {
                "illuminate/pagination": "The Illuminate Pagination component.",
                "pagerfanta/pagerfanta": "Pagerfanta Paginator",
                "zendframework/zend-paginator": "Zend Framework Paginator"
            },
            "type": "library",
            "extra": {
                "branch-alias": {
                    "dev-master": "0.13-dev"
                }
            },
            "autoload": {
                "psr-4": {
                    "League\\Fractal\\": "src"
                }
            },
            "notification-url": "https://packagist.org/downloads/",
            "license": [
                "MIT"
            ],
            "authors": [
                {
                    "name": "Phil Sturgeon",
                    "email": "me@philsturgeon.uk",
                    "homepage": "http://philsturgeon.uk/",
                    "role": "Developer"
                }
            ],
            "description": "Handle the output of complex data structures ready for API output.",
            "homepage": "http://fractal.thephpleague.com/",
            "keywords": [
                "api",
                "json",
                "league",
                "rest"
            ],
            "time": "2016-12-28 01:30:30"
        }
    ],
    "packages-dev": [],
    "aliases": [],
    "minimum-stability": "stable",
    "stability-flags": [],
    "prefer-stable": false,
    "prefer-lowest": false,
    "platform": [],
    "platform-dev": []
}
